<?xml version="1.0" encoding="utf-8"?>
<Project ToolsVersion="4.0" xmlns="http://schemas.microsoft.com/developer/msbuild/2003">
  <ItemGroup>
    <Filter Include="math">
      <UniqueIdentifier>{0ad45178-87ae-4712-977d-25f72a326301}</UniqueIdentifier>
    </Filter>
    <Filter Include="context">
      <UniqueIdentifier>{558d7c7e-2a16-4f8c-845a-37ef02d36b40}</UniqueIdentifier>
    </Filter>
  </ItemGroup>
  <ItemGroup>
    <ClInclude Include="..\camera.h" />
    <ClInclude Include="..\context.h" />
    <ClInclude Include="..\game.h" />
    <ClInclude Include="..\input.h" />
    <ClInclude Include="..\utils.h" />
    <ClInclude Include="..\context\gl.h">
      <Filter>context</Filter>
    </ClInclude>
    <ClInclude Include="..\math\vec2.h">
      <Filter>math</Filter>
    </ClInclude>
    <ClInclude Include="..\math\vec3.h">
      <Filter>math</Filter>
    </ClInclude>
    <ClInclude Include="..\math\vec4.h">
      <Filter>math</Filter>
    </ClInclude>
    <ClInclude Include="..\math\mat4.h">
      <Filter>math</Filter>
    </ClInclude>
    <ClInclude Include="..\stream.h" />
    <ClInclude Include="..\scene.h" />
    <ClInclude Include="..\material.h" />
    <ClInclude Include="..\entity.h" />
    <ClInclude Include="..\dds.h" />
  </ItemGroup>
  <ItemGroup>
    <ClCompile Include="main.cpp" />
  </ItemGroup>
</Project>